
Microsoft Visual Studio Solution File, Format Version 12.00
# Visual Studio Version 17
VisualStudioVersion = 17.6.33815.320
MinimumVisualStudioVersion = 10.0.40219.1
Project("{FAE04EC0-301F-11D3-BF4B-00C04F79EFBC}") = "system_ogloszeniowy", "system_ogloszeniowy\system_ogloszeniowy.csproj", "{5D4E90C2-696D-4828-AEA3-0A98C6419BB6}"
EndProject
Global
	GlobalSection(SolutionConfigurationPlatforms) = preSolution
		Debug|Any CPU = Debug|Any CPU
		Release|Any CPU = Release|Any CPU
	EndGlobalSection
	GlobalSection(ProjectConfigurationPlatforms) = postSolution
		{5D4E90C2-696D-4828-AEA3-0A98C6419BB6}.Debug|Any CPU.ActiveCfg = Debug|Any CPU
		{5D4E90C2-696D-4828-AEA3-0A98C6419BB6}.Debug|Any CPU.Build.0 = Debug|Any CPU
		{5D4E90C2-696D-4828-AEA3-0A98C6419BB6}.Release|Any CPU.ActiveCfg = Release|Any CPU
		{5D4E90C2-696D-4828-AEA3-0A98C6419BB6}.Release|Any CPU.Build.0 = Release|Any CPU
	EndGlobalSection
	GlobalSection(SolutionProperties) = preSolution
		HideSolutionNode = FALSE
	EndGlobalSection
	GlobalSection(ExtensibilityGlobals) = postSolution
		SolutionGuid = {6D7D3382-68C5-4A1C-844F-61556042E8BF}
	EndGlobalSection
EndGlobal
